
Microsoft Visual Studio Solution File, Format Version 12.00
# Visual Studio Version 17
VisualStudioVersion = 17.7.34221.43
MinimumVisualStudioVersion = 10.0.40219.1
Project("{8BC9CEB8-8B4A-11D0-8D11-00A0C91BC942}") = "ControlStructures", "ControlStructures\ControlStructures.vcxproj", "{AC2C4763-1231-48CF-8EE6-A9E840ECE71F}"
EndProject
Project("{8BC9CEB8-8B4A-11D0-8D11-00A0C91BC942}") = "Calc", "Calc\Calc.vcxproj", "{FCCCBA93-3C4B-4A6B-975B-0609246D3F2D}"
EndProject
Project("{8BC9CEB8-8B4A-11D0-8D11-00A0C91BC942}") = "loops", "loops\loops.vcxproj", "{28A774E9-1336-4EA9-A287-27D5B7F8A068}"
EndProject
Project("{8BC9CEB8-8B4A-11D0-8D11-00A0C91BC942}") = "Palindrome", "Palindrome\Palindrome.vcxproj", "{8D3ACE50-20E5-475A-A4E8-C13DCEB6C2DD}"
EndProject
Project("{8BC9CEB8-8B4A-11D0-8D11-00A0C91BC942}") = "Shooter", "Shooter\Shooter.vcxproj", "{54262B81-FD18-48DF-ADEC-3A3B7B26E06B}"
EndProject
Project("{8BC9CEB8-8B4A-11D0-8D11-00A0C91BC942}") = "Ticket", "Ticket\Ticket.vcxproj", "{1011A72A-DB73-4263-BA63-F4177C87DD76}"
EndProject
Project("{8BC9CEB8-8B4A-11D0-8D11-00A0C91BC942}") = "shooter2", "shooter2\shooter2.vcxproj", "{4E5B339B-09FA-45F2-BC3C-5CC416F8EBDA}"
EndProject
Project("{8BC9CEB8-8B4A-11D0-8D11-00A0C91BC942}") = "Loops2", "Loops2\Loops2.vcxproj", "{EB8B1C54-0C28-4985-992C-003BC0651B7E}"
EndProject
Project("{8BC9CEB8-8B4A-11D0-8D11-00A0C91BC942}") = "FOR", "FOR\FOR.vcxproj", "{DAFEB585-9A07-4858-BD28-00279527CD5E}"
EndProject
Project("{8BC9CEB8-8B4A-11D0-8D11-00A0C91BC942}") = "Geometry", "Geometry\Geometry.vcxproj", "{8C1BAC16-77E3-4DD0-87BE-CCC130405D60}"
EndProject
Project("{8BC9CEB8-8B4A-11D0-8D11-00A0C91BC942}") = "Chess", "Chess\Chess.vcxproj", "{D80FAE98-1B48-478E-8E8B-F55C25290C1A}"
EndProject
Project("{8BC9CEB8-8B4A-11D0-8D11-00A0C91BC942}") = "HardChess", "HardChess\HardChess.vcxproj", "{2CC673E2-53B8-4BF5-B1DE-0C083884D171}"
EndProject
Project("{8BC9CEB8-8B4A-11D0-8D11-00A0C91BC942}") = "Pascal", "Pascal\Pascal.vcxproj", "{59E62EF2-3A72-408D-B941-479279A202B7}"
EndProject
Project("{8BC9CEB8-8B4A-11D0-8D11-00A0C91BC942}") = "binary", "binary\binary.vcxproj", "{EB04A440-28F8-461A-8595-4BEE27E672EB}"
EndProject
Global
	GlobalSection(SolutionConfigurationPlatforms) = preSolution
		Debug|x64 = Debug|x64
		Debug|x86 = Debug|x86
		Release|x64 = Release|x64
		Release|x86 = Release|x86
	EndGlobalSection
	GlobalSection(ProjectConfigurationPlatforms) = postSolution
		{AC2C4763-1231-48CF-8EE6-A9E840ECE71F}.Debug|x64.ActiveCfg = Debug|x64
		{AC2C4763-1231-48CF-8EE6-A9E840ECE71F}.Debug|x64.Build.0 = Debug|x64
		{AC2C4763-1231-48CF-8EE6-A9E840ECE71F}.Debug|x86.ActiveCfg = Debug|Win32
		{AC2C4763-1231-48CF-8EE6-A9E840ECE71F}.Debug|x86.Build.0 = Debug|Win32
		{AC2C4763-1231-48CF-8EE6-A9E840ECE71F}.Release|x64.ActiveCfg = Release|x64
		{AC2C4763-1231-48CF-8EE6-A9E840ECE71F}.Release|x64.Build.0 = Release|x64
		{AC2C4763-1231-48CF-8EE6-A9E840ECE71F}.Release|x86.ActiveCfg = Release|Win32
		{AC2C4763-1231-48CF-8EE6-A9E840ECE71F}.Release|x86.Build.0 = Release|Win32
		{FCCCBA93-3C4B-4A6B-975B-0609246D3F2D}.Debug|x64.ActiveCfg = Debug|x64
		{FCCCBA93-3C4B-4A6B-975B-0609246D3F2D}.Debug|x64.Build.0 = Debug|x64
		{FCCCBA93-3C4B-4A6B-975B-0609246D3F2D}.Debug|x86.ActiveCfg = Debug|Win32
		{FCCCBA93-3C4B-4A6B-975B-0609246D3F2D}.Debug|x86.Build.0 = Debug|Win32
		{FCCCBA93-3C4B-4A6B-975B-0609246D3F2D}.Release|x64.ActiveCfg = Release|x64
		{FCCCBA93-3C4B-4A6B-975B-0609246D3F2D}.Release|x64.Build.0 = Release|x64
		{FCCCBA93-3C4B-4A6B-975B-0609246D3F2D}.Release|x86.ActiveCfg = Release|Win32
		{FCCCBA93-3C4B-4A6B-975B-0609246D3F2D}.Release|x86.Build.0 = Release|Win32
		{28A774E9-1336-4EA9-A287-27D5B7F8A068}.Debug|x64.ActiveCfg = Debug|x64
		{28A774E9-1336-4EA9-A287-27D5B7F8A068}.Debug|x64.Build.0 = Debug|x64
		{28A774E9-1336-4EA9-A287-27D5B7F8A068}.Debug|x86.ActiveCfg = Debug|Win32
		{28A774E9-1336-4EA9-A287-27D5B7F8A068}.Debug|x86.Build.0 = Debug|Win32
		{28A774E9-1336-4EA9-A287-27D5B7F8A068}.Release|x64.ActiveCfg = Release|x64
		{28A774E9-1336-4EA9-A287-27D5B7F8A068}.Release|x64.Build.0 = Release|x64
		{28A774E9-1336-4EA9-A287-27D5B7F8A068}.Release|x86.ActiveCfg = Release|Win32
		{28A774E9-1336-4EA9-A287-27D5B7F8A068}.Release|x86.Build.0 = Release|Win32
		{8D3ACE50-20E5-475A-A4E8-C13DCEB6C2DD}.Debug|x64.ActiveCfg = Debug|x64
		{8D3ACE50-20E5-475A-A4E8-C13DCEB6C2DD}.Debug|x64.Build.0 = Debug|x64
		{8D3ACE50-20E5-475A-A4E8-C13DCEB6C2DD}.Debug|x86.ActiveCfg = Debug|Win32
		{8D3ACE50-20E5-475A-A4E8-C13DCEB6C2DD}.Debug|x86.Build.0 = Debug|Win32
		{8D3ACE50-20E5-475A-A4E8-C13DCEB6C2DD}.Release|x64.ActiveCfg = Release|x64
		{8D3ACE50-20E5-475A-A4E8-C13DCEB6C2DD}.Release|x64.Build.0 = Release|x64
		{8D3ACE50-20E5-475A-A4E8-C13DCEB6C2DD}.Release|x86.ActiveCfg = Release|Win32
		{8D3ACE50-20E5-475A-A4E8-C13DCEB6C2DD}.Release|x86.Build.0 = Release|Win32
		{54262B81-FD18-48DF-ADEC-3A3B7B26E06B}.Debug|x64.ActiveCfg = Debug|x64
		{54262B81-FD18-48DF-ADEC-3A3B7B26E06B}.Debug|x64.Build.0 = Debug|x64
		{54262B81-FD18-48DF-ADEC-3A3B7B26E06B}.Debug|x86.ActiveCfg = Debug|Win32
		{54262B81-FD18-48DF-ADEC-3A3B7B26E06B}.Debug|x86.Build.0 = Debug|Win32
		{54262B81-FD18-48DF-ADEC-3A3B7B26E06B}.Release|x64.ActiveCfg = Release|x64
		{54262B81-FD18-48DF-ADEC-3A3B7B26E06B}.Release|x64.Build.0 = Release|x64
		{54262B81-FD18-48DF-ADEC-3A3B7B26E06B}.Release|x86.ActiveCfg = Release|Win32
		{54262B81-FD18-48DF-ADEC-3A3B7B26E06B}.Release|x86.Build.0 = Release|Win32
		{1011A72A-DB73-4263-BA63-F4177C87DD76}.Debug|x64.ActiveCfg = Debug|x64
		{1011A72A-DB73-4263-BA63-F4177C87DD76}.Debug|x64.Build.0 = Debug|x64
		{1011A72A-DB73-4263-BA63-F4177C87DD76}.Debug|x86.ActiveCfg = Debug|Win32
		{1011A72A-DB73-4263-BA63-F4177C87DD76}.Debug|x86.Build.0 = Debug|Win32
		{1011A72A-DB73-4263-BA63-F4177C87DD76}.Release|x64.ActiveCfg = Release|x64
		{1011A72A-DB73-4263-BA63-F4177C87DD76}.Release|x64.Build.0 = Release|x64
		{1011A72A-DB73-4263-BA63-F4177C87DD76}.Release|x86.ActiveCfg = Release|Win32
		{1011A72A-DB73-4263-BA63-F4177C87DD76}.Release|x86.Build.0 = Release|Win32
		{4E5B339B-09FA-45F2-BC3C-5CC416F8EBDA}.Debug|x64.ActiveCfg = Debug|x64
		{4E5B339B-09FA-45F2-BC3C-5CC416F8EBDA}.Debug|x64.Build.0 = Debug|x64
		{4E5B339B-09FA-45F2-BC3C-5CC416F8EBDA}.Debug|x86.ActiveCfg = Debug|Win32
		{4E5B339B-09FA-45F2-BC3C-5CC416F8EBDA}.Debug|x86.Build.0 = Debug|Win32
		{4E5B339B-09FA-45F2-BC3C-5CC416F8EBDA}.Release|x64.ActiveCfg = Release|x64
		{4E5B339B-09FA-45F2-BC3C-5CC416F8EBDA}.Release|x64.Build.0 = Release|x64
		{4E5B339B-09FA-45F2-BC3C-5CC416F8EBDA}.Release|x86.ActiveCfg = Release|Win32
		{4E5B339B-09FA-45F2-BC3C-5CC416F8EBDA}.Release|x86.Build.0 = Release|Win32
		{EB8B1C54-0C28-4985-992C-003BC0651B7E}.Debug|x64.ActiveCfg = Debug|x64
		{EB8B1C54-0C28-4985-992C-003BC0651B7E}.Debug|x64.Build.0 = Debug|x64
		{EB8B1C54-0C28-4985-992C-003BC0651B7E}.Debug|x86.ActiveCfg = Debug|Win32
		{EB8B1C54-0C28-4985-992C-003BC0651B7E}.Debug|x86.Build.0 = Debug|Win32
		{EB8B1C54-0C28-4985-992C-003BC0651B7E}.Release|x64.ActiveCfg = Release|x64
		{EB8B1C54-0C28-4985-992C-003BC0651B7E}.Release|x64.Build.0 = Release|x64
		{EB8B1C54-0C28-4985-992C-003BC0651B7E}.Release|x86.ActiveCfg = Release|Win32
		{EB8B1C54-0C28-4985-992C-003BC0651B7E}.Release|x86.Build.0 = Release|Win32
		{DAFEB585-9A07-4858-BD28-00279527CD5E}.Debug|x64.ActiveCfg = Debug|x64
		{DAFEB585-9A07-4858-BD28-00279527CD5E}.Debug|x64.Build.0 = Debug|x64
		{DAFEB585-9A07-4858-BD28-00279527CD5E}.Debug|x86.ActiveCfg = Debug|Win32
		{DAFEB585-9A07-4858-BD28-00279527CD5E}.Debug|x86.Build.0 = Debug|Win32
		{DAFEB585-9A07-4858-BD28-00279527CD5E}.Release|x64.ActiveCfg = Release|x64
		{DAFEB585-9A07-4858-BD28-00279527CD5E}.Release|x64.Build.0 = Release|x64
		{DAFEB585-9A07-4858-BD28-00279527CD5E}.Release|x86.ActiveCfg = Release|Win32
		{DAFEB585-9A07-4858-BD28-00279527CD5E}.Release|x86.Build.0 = Release|Win32
		{8C1BAC16-77E3-4DD0-87BE-CCC130405D60}.Debug|x64.ActiveCfg = Debug|x64
		{8C1BAC16-77E3-4DD0-87BE-CCC130405D60}.Debug|x64.Build.0 = Debug|x64
		{8C1BAC16-77E3-4DD0-87BE-CCC130405D60}.Debug|x86.ActiveCfg = Debug|Win32
		{8C1BAC16-77E3-4DD0-87BE-CCC130405D60}.Debug|x86.Build.0 = Debug|Win32
		{8C1BAC16-77E3-4DD0-87BE-CCC130405D60}.Release|x64.ActiveCfg = Release|x64
		{8C1BAC16-77E3-4DD0-87BE-CCC130405D60}.Release|x64.Build.0 = Release|x64
		{8C1BAC16-77E3-4DD0-87BE-CCC130405D60}.Release|x86.ActiveCfg = Release|Win32
		{8C1BAC16-77E3-4DD0-87BE-CCC130405D60}.Release|x86.Build.0 = Release|Win32
		{D80FAE98-1B48-478E-8E8B-F55C25290C1A}.Debug|x64.ActiveCfg = Debug|x64
		{D80FAE98-1B48-478E-8E8B-F55C25290C1A}.Debug|x64.Build.0 = Debug|x64
		{D80FAE98-1B48-478E-8E8B-F55C25290C1A}.Debug|x86.ActiveCfg = Debug|Win32
		{D80FAE98-1B48-478E-8E8B-F55C25290C1A}.Debug|x86.Build.0 = Debug|Win32
		{D80FAE98-1B48-478E-8E8B-F55C25290C1A}.Release|x64.ActiveCfg = Release|x64
		{D80FAE98-1B48-478E-8E8B-F55C25290C1A}.Release|x64.Build.0 = Release|x64
		{D80FAE98-1B48-478E-8E8B-F55C25290C1A}.Release|x86.ActiveCfg = Release|Win32
		{D80FAE98-1B48-478E-8E8B-F55C25290C1A}.Release|x86.Build.0 = Release|Win32
		{2CC673E2-53B8-4BF5-B1DE-0C083884D171}.Debug|x64.ActiveCfg = Debug|x64
		{2CC673E2-53B8-4BF5-B1DE-0C083884D171}.Debug|x64.Build.0 = Debug|x64
		{2CC673E2-53B8-4BF5-B1DE-0C083884D171}.Debug|x86.ActiveCfg = Debug|Win32
		{2CC673E2-53B8-4BF5-B1DE-0C083884D171}.Debug|x86.Build.0 = Debug|Win32
		{2CC673E2-53B8-4BF5-B1DE-0C083884D171}.Release|x64.ActiveCfg = Release|x64
		{2CC673E2-53B8-4BF5-B1DE-0C083884D171}.Release|x64.Build.0 = Release|x64
		{2CC673E2-53B8-4BF5-B1DE-0C083884D171}.Release|x86.ActiveCfg = Release|Win32
		{2CC673E2-53B8-4BF5-B1DE-0C083884D171}.Release|x86.Build.0 = Release|Win32
		{59E62EF2-3A72-408D-B941-479279A202B7}.Debug|x64.ActiveCfg = Debug|x64
		{59E62EF2-3A72-408D-B941-479279A202B7}.Debug|x64.Build.0 = Debug|x64
		{59E62EF2-3A72-408D-B941-479279A202B7}.Debug|x86.ActiveCfg = Debug|Win32
		{59E62EF2-3A72-408D-B941-479279A202B7}.Debug|x86.Build.0 = Debug|Win32
		{59E62EF2-3A72-408D-B941-479279A202B7}.Release|x64.ActiveCfg = Release|x64
		{59E62EF2-3A72-408D-B941-479279A202B7}.Release|x64.Build.0 = Release|x64
		{59E62EF2-3A72-408D-B941-479279A202B7}.Release|x86.ActiveCfg = Release|Win32
		{59E62EF2-3A72-408D-B941-479279A202B7}.Release|x86.Build.0 = Release|Win32
		{EB04A440-28F8-461A-8595-4BEE27E672EB}.Debug|x64.ActiveCfg = Debug|x64
		{EB04A440-28F8-461A-8595-4BEE27E672EB}.Debug|x64.Build.0 = Debug|x64
		{EB04A440-28F8-461A-8595-4BEE27E672EB}.Debug|x86.ActiveCfg = Debug|Win32
		{EB04A440-28F8-461A-8595-4BEE27E672EB}.Debug|x86.Build.0 = Debug|Win32
		{EB04A440-28F8-461A-8595-4BEE27E672EB}.Release|x64.ActiveCfg = Release|x64
		{EB04A440-28F8-461A-8595-4BEE27E672EB}.Release|x64.Build.0 = Release|x64
		{EB04A440-28F8-461A-8595-4BEE27E672EB}.Release|x86.ActiveCfg = Release|Win32
		{EB04A440-28F8-461A-8595-4BEE27E672EB}.Release|x86.Build.0 = Release|Win32
	EndGlobalSection
	GlobalSection(SolutionProperties) = preSolution
		HideSolutionNode = FALSE
	EndGlobalSection
	GlobalSection(ExtensibilityGlobals) = postSolution
		SolutionGuid = {AA093CD1-2E6A-45CB-8CBF-7628DA10F680}
	EndGlobalSection
EndGlobal
